// !$*UTF8*$!
{
	archiveVersion = 1;
	classes = {
	};
	objectVersion = 46;
	objects = {

/* Begin PBXBuildFile section */
		3A70DCDF1DEC7FCA003C6566 /* TPSStorage.m in Sources */ = {isa = PBXBuildFile; fileRef = 3A70DCDE1DEC7FCA003C6566 /* TPSStorage.m */; };
		3A70DCE01DEC7FCA003C6566 /* TPSStorage.h in CopyFiles */ = {isa = PBXBuildFile; fileRef = 3A70DCDD1DEC7FCA003C6566 /* TPSStorage.h */; };
		3A70DCE81DEC8097003C6566 /* TPSStorageManager.m in Sources */ = {isa = PBXBuildFile; fileRef = 3A70DCE71DEC8097003C6566 /* TPSStorageManager.m */; };
		3A70DCEB1DEC80EC003C6566 /* EventEmitter.m in Sources */ = {isa = PBXBuildFile; fileRef = 3A70DCEA1DEC80EC003C6566 /* EventEmitter.m */; };
		3ADC01931DEF2FC90055D904 /* TPSStorageTests.m in Sources */ = {isa = PBXBuildFile; fileRef = 3ADC01921DEF2FC90055D904 /* TPSStorageTests.m */; };
		3ADC01951DEF2FC90055D904 /* libTPSStorage.a in Frameworks */ = {isa = PBXBuildFile; fileRef = 3A70DCDA1DEC7FCA003C6566 /* libTPSStorage.a */; };
/* End PBXBuildFile section */

/* Begin PBXContainerItemProxy section */
		3ADC01961DEF2FC90055D904 /* PBXContainerItemProxy */ = {
			isa = PBXContainerItemProxy;
			containerPortal = 3A70DCD21DEC7FC9003C6566 /* Project object */;
			proxyType = 1;
			remoteGlobalIDString = 3A70DCD91DEC7FC9003C6566;
			remoteInfo = TPSStorage;
		};
/* End PBXContainerItemProxy section */

/* Begin PBXCopyFilesBuildPhase section */
		3A70DCD81DEC7FC9003C6566 /* CopyFiles */ = {
			isa = PBXCopyFilesBuildPhase;
			buildActionMask = 2147483647;
			dstPath = "include/$(PRODUCT_NAME)";
			dstSubfolderSpec = 16;
			files = (
				3A70DCE01DEC7FCA003C6566 /* TPSStorage.h in CopyFiles */,
			);
			runOnlyForDeploymentPostprocessing = 0;
		};
/* End PBXCopyFilesBuildPhase section */

/* Begin PBXFileReference section */
		3A70DCDA1DEC7FCA003C6566 /* libTPSStorage.a */ = {isa = PBXFileReference; explicitFileType = archive.ar; includeInIndex = 0; path = libTPSStorage.a; sourceTree = BUILT_PRODUCTS_DIR; };
		3A70DCDD1DEC7FCA003C6566 /* TPSStorage.h */ = {isa = PBXFileReference; lastKnownFileType = sourcecode.c.h; path = TPSStorage.h; sourceTree = "<group>"; };
		3A70DCDE1DEC7FCA003C6566 /* TPSStorage.m */ = {isa = PBXFileReference; lastKnownFileType = sourcecode.c.objc; path = TPSStorage.m; sourceTree = "<group>"; };
		3A70DCE61DEC8097003C6566 /* TPSStorageManager.h */ = {isa = PBXFileReference; fileEncoding = 4; lastKnownFileType = sourcecode.c.h; path = TPSStorageManager.h; sourceTree = "<group>"; };
		3A70DCE71DEC8097003C6566 /* TPSStorageManager.m */ = {isa = PBXFileReference; fileEncoding = 4; lastKnownFileType = sourcecode.c.objc; path = TPSStorageManager.m; sourceTree = "<group>"; };
		3A70DCE91DEC80EC003C6566 /* EventEmitter.h */ = {isa = PBXFileReference; fileEncoding = 4; lastKnownFileType = sourcecode.c.h; path = EventEmitter.h; sourceTree = "<group>"; };
		3A70DCEA1DEC80EC003C6566 /* EventEmitter.m */ = {isa = PBXFileReference; fileEncoding = 4; lastKnownFileType = sourcecode.c.objc; path = EventEmitter.m; sourceTree = "<group>"; };
		3ADC01901DEF2FC90055D904 /* TPSStorageTests.xctest */ = {isa = PBXFileReference; explicitFileType = wrapper.cfbundle; includeInIndex = 0; path = TPSStorageTests.xctest; sourceTree = BUILT_PRODUCTS_DIR; };
		3ADC01921DEF2FC90055D904 /* TPSStorageTests.m */ = {isa = PBXFileReference; lastKnownFileType = sourcecode.c.objc; path = TPSStorageTests.m; sourceTree = "<group>"; };
		3ADC01941DEF2FC90055D904 /* Info.plist */ = {isa = PBXFileReference; lastKnownFileType = text.plist.xml; path = Info.plist; sourceTree = "<group>"; };
/* End PBXFileReference section */

/* Begin PBXFrameworksBuildPhase section */
		3A70DCD71DEC7FC9003C6566 /* Frameworks */ = {
			isa = PBXFrameworksBuildPhase;
			buildActionMask = 2147483647;
			files = (
			);
			runOnlyForDeploymentPostprocessing = 0;
		};
		3ADC018D1DEF2FC90055D904 /* Frameworks */ = {
			isa = PBXFrameworksBuildPhase;
			buildActionMask = 2147483647;
			files = (
				3ADC01951DEF2FC90055D904 /* libTPSStorage.a in Frameworks */,
			);
			runOnlyForDeploymentPostprocessing = 0;
		};
/* End PBXFrameworksBuildPhase section */

/* Begin PBXGroup section */
		3A70DCD11DEC7FC9003C6566 = {
			isa = PBXGroup;
			children = (
				3A70DCDC1DEC7FCA003C6566 /* TPSStorage */,
				3ADC01911DEF2FC90055D904 /* TPSStorageTests */,
				3A70DCDB1DEC7FCA003C6566 /* Products */,
			);
			sourceTree = "<group>";
		};
		3A70DCDB1DEC7FCA003C6566 /* Products */ = {
			isa = PBXGroup;
			children = (
				3A70DCDA1DEC7FCA003C6566 /* libTPSStorage.a */,
				3ADC01901DEF2FC90055D904 /* TPSStorageTests.xctest */,
			);
			name = Products;
			sourceTree = "<group>";
		};
		3A70DCDC1DEC7FCA003C6566 /* TPSStorage */ = {
			isa = PBXGroup;
			children = (
				3A70DCDD1DEC7FCA003C6566 /* TPSStorage.h */,
				3A70DCDE1DEC7FCA003C6566 /* TPSStorage.m */,
				3A70DCE61DEC8097003C6566 /* TPSStorageManager.h */,
				3A70DCE71DEC8097003C6566 /* TPSStorageManager.m */,
				3A70DCE91DEC80EC003C6566 /* EventEmitter.h */,
				3A70DCEA1DEC80EC003C6566 /* EventEmitter.m */,
			);
			path = TPSStorage;
			sourceTree = "<group>";
		};
		3ADC01911DEF2FC90055D904 /* TPSStorageTests */ = {
			isa = PBXGroup;
			children = (
				3ADC01921DEF2FC90055D904 /* TPSStorageTests.m */,
				3ADC01941DEF2FC90055D904 /* Info.plist */,
			);
			path = TPSStorageTests;
			sourceTree = "<group>";
		};
/* End PBXGroup section */

/* Begin PBXNativeTarget section */
		3A70DCD91DEC7FC9003C6566 /* TPSStorage */ = {
			isa = PBXNativeTarget;
			buildConfigurationList = 3A70DCE31DEC7FCA003C6566 /* Build configuration list for PBXNativeTarget "TPSStorage" */;
			buildPhases = (
				3A70DCD61DEC7FC9003C6566 /* Sources */,
				3A70DCD71DEC7FC9003C6566 /* Frameworks */,
				3A70DCD81DEC7FC9003C6566 /* CopyFiles */,
			);
			buildRules = (
			);
			dependencies = (
			);
			name = TPSStorage;
			productName = TPSStorage;
			productReference = 3A70DCDA1DEC7FCA003C6566 /* libTPSStorage.a */;
			productType = "com.apple.product-type.library.static";
		};
		3ADC018F1DEF2FC90055D904 /* TPSStorageTests */ = {
			isa = PBXNativeTarget;
			buildConfigurationList = 3ADC019A1DEF2FC90055D904 /* Build configuration list for PBXNativeTarget "TPSStorageTests" */;
			buildPhases = (
				3ADC018C1DEF2FC90055D904 /* Sources */,
				3ADC018D1DEF2FC90055D904 /* Frameworks */,
				3ADC018E1DEF2FC90055D904 /* Resources */,
			);
			buildRules = (
			);
			dependencies = (
				3ADC01971DEF2FC90055D904 /* PBXTargetDependency */,
			);
			name = TPSStorageTests;
			productName = TPSStorageTests;
			productReference = 3ADC01901DEF2FC90055D904 /* TPSStorageTests.xctest */;
			productType = "com.apple.product-type.bundle.unit-test";
		};
/* End PBXNativeTarget section */

/* Begin PBXProject section */
		3A70DCD21DEC7FC9003C6566 /* Project object */ = {
			isa = PBXProject;
			attributes = {
				LastUpgradeCheck = 0820;
				ORGANIZATIONNAME = Tipsi;
				TargetAttributes = {
					3A70DCD91DEC7FC9003C6566 = {
						CreatedOnToolsVersion = 8.2;
						ProvisioningStyle = Automatic;
					};
					3ADC018F1DEF2FC90055D904 = {
						CreatedOnToolsVersion = 8.2;
						ProvisioningStyle = Automatic;
					};
				};
			};
			buildConfigurationList = 3A70DCD51DEC7FC9003C6566 /* Build configuration list for PBXProject "TPSStorage" */;
			compatibilityVersion = "Xcode 3.2";
			developmentRegion = English;
			hasScannedForEncodings = 0;
			knownRegions = (
				en,
			);
			mainGroup = 3A70DCD11DEC7FC9003C6566;
			productRefGroup = 3A70DCDB1DEC7FCA003C6566 /* Products */;
			projectDirPath = "";
			projectRoot = "";
			targets = (
				3A70DCD91DEC7FC9003C6566 /* TPSStorage */,
				3ADC018F1DEF2FC90055D904 /* TPSStorageTests */,
			);
		};
/* End PBXProject section */

/* Begin PBXResourcesBuildPhase section */
		3ADC018E1DEF2FC90055D904 /* Resources */ = {
			isa = PBXResourcesBuildPhase;
			buildActionMask = 2147483647;
			files = (
			);
			runOnlyForDeploymentPostprocessing = 0;
		};
/* End PBXResourcesBuildPhase section */

/* Begin PBXSourcesBuildPhase section */
		3A70DCD61DEC7FC9003C6566 /* Sources */ = {
			isa = PBXSourcesBuildPhase;
			buildActionMask = 2147483647;
			files = (
				3A70DCEB1DEC80EC003C6566 /* EventEmitter.m in Sources */,
				3A70DCDF1DEC7FCA003C6566 /* TPSStorage.m in Sources */,
				3A70DCE81DEC8097003C6566 /* TPSStorageManager.m in Sources */,
			);
			runOnlyForDeploymentPostprocessing = 0;
		};
		3ADC018C1DEF2FC90055D904 /* Sources */ = {
			isa = PBXSourcesBuildPhase;
			buildActionMask = 2147483647;
			files = (
				3ADC01931DEF2FC90055D904 /* TPSStorageTests.m in Sources */,
			);
			runOnlyForDeploymentPostprocessing = 0;
		};
/* End PBXSourcesBuildPhase section */

/* Begin PBXTargetDependency section */
		3ADC01971DEF2FC90055D904 /* PBXTargetDependency */ = {
			isa = PBXTargetDependency;
			target = 3A70DCD91DEC7FC9003C6566 /* TPSStorage */;
			targetProxy = 3ADC01961DEF2FC90055D904 /* PBXContainerItemProxy */;
		};
/* End PBXTargetDependency section */

/* Begin XCBuildConfiguration section */
		3A70DCE11DEC7FCA003C6566 /* Debug */ = {
			isa = XCBuildConfiguration;
			buildSettings = {
				ALWAYS_SEARCH_USER_PATHS = NO;
				CLANG_ANALYZER_NONNULL = YES;
				CLANG_CXX_LANGUAGE_STANDARD = "gnu++0x";
				CLANG_CXX_LIBRARY = "libc++";
				CLANG_ENABLE_MODULES = YES;
				CLANG_ENABLE_OBJC_ARC = YES;
				CLANG_WARN_BOOL_CONVERSION = YES;
				CLANG_WARN_CONSTANT_CONVERSION = YES;
				CLANG_WARN_DIRECT_OBJC_ISA_USAGE = YES_ERROR;
				CLANG_WARN_DOCUMENTATION_COMMENTS = YES;
				CLANG_WARN_EMPTY_BODY = YES;
				CLANG_WARN_ENUM_CONVERSION = YES;
				CLANG_WARN_INFINITE_RECURSION = YES;
				CLANG_WARN_INT_CONVERSION = YES;
				CLANG_WARN_OBJC_ROOT_CLASS = YES_ERROR;
				CLANG_WARN_SUSPICIOUS_MOVE = YES;
				CLANG_WARN_UNREACHABLE_CODE = YES;
				CLANG_WARN__DUPLICATE_METHOD_MATCH = YES;
				"CODE_SIGN_IDENTITY[sdk=iphoneos*]" = "iPhone Developer";
				COPY_PHASE_STRIP = NO;
				DEBUG_INFORMATION_FORMAT = dwarf;
				ENABLE_STRICT_OBJC_MSGSEND = YES;
				ENABLE_TESTABILITY = YES;
				GCC_C_LANGUAGE_STANDARD = gnu99;
				GCC_DYNAMIC_NO_PIC = NO;
				GCC_NO_COMMON_BLOCKS = YES;
				GCC_OPTIMIZATION_LEVEL = 0;
				GCC_PREPROCESSOR_DEFINITIONS = (
					"DEBUG=1",
					"$(inherited)",
				);
				GCC_WARN_64_TO_32_BIT_CONVERSION = YES;
				GCC_WARN_ABOUT_RETURN_TYPE = YES_ERROR;
				GCC_WARN_UNDECLARED_SELECTOR = YES;
				GCC_WARN_UNINITIALIZED_AUTOS = YES_AGGRESSIVE;
				GCC_WARN_UNUSED_FUNCTION = YES;
				GCC_WARN_UNUSED_VARIABLE = YES;
				MTL_ENABLE_DEBUG_INFO = YES;
				ONLY_ACTIVE_ARCH = YES;
				SDKROOT = iphoneos;
			};
			name = Debug;
		};
		3A70DCE21DEC7FCA003C6566 /* Release */ = {
			isa = XCBuildConfiguration;
			buildSettings = {
				ALWAYS_SEARCH_USER_PATHS = NO;
				CLANG_ANALYZER_NONNULL = YES;
				CLANG_CXX_LANGUAGE_STANDARD = "gnu++0x";
				CLANG_CXX_LIBRARY = "libc++";
				CLANG_ENABLE_MODULES = YES;
				CLANG_ENABLE_OBJC_ARC = YES;
				CLANG_WARN_BOOL_CONVERSION = YES;
				CLANG_WARN_CONSTANT_CONVERSION = YES;
				CLANG_WARN_DIRECT_OBJC_ISA_USAGE = YES_ERROR;
				CLANG_WARN_DOCUMENTATION_COMMENTS = YES;
				CLANG_WARN_EMPTY_BODY = YES;
				CLANG_WARN_ENUM_CONVERSION = YES;
				CLANG_WARN_INFINITE_RECURSION = YES;
				CLANG_WARN_INT_CONVERSION = YES;
				CLANG_WARN_OBJC_ROOT_CLASS = YES_ERROR;
				CLANG_WARN_SUSPICIOUS_MOVE = YES;
				CLANG_WARN_UNREACHABLE_CODE = YES;
				CLANG_WARN__DUPLICATE_METHOD_MATCH = YES;
				"CODE_SIGN_IDENTITY[sdk=iphoneos*]" = "iPhone Developer";
				COPY_PHASE_STRIP = NO;
				DEBUG_INFORMATION_FORMAT = "dwarf-with-dsym";
				ENABLE_NS_ASSERTIONS = NO;
				ENABLE_STRICT_OBJC_MSGSEND = YES;
				GCC_C_LANGUAGE_STANDARD = gnu99;
				GCC_NO_COMMON_BLOCKS = YES;
				GCC_WARN_64_TO_32_BIT_CONVERSION = YES;
				GCC_WARN_ABOUT_RETURN_TYPE = YES_ERROR;
				GCC_WARN_UNDECLARED_SELECTOR = YES;
				GCC_WARN_UNINITIALIZED_AUTOS = YES_AGGRESSIVE;
				GCC_WARN_UNUSED_FUNCTION = YES;
				GCC_WARN_UNUSED_VARIABLE = YES;
				MTL_ENABLE_DEBUG_INFO = NO;
				SDKROOT = iphoneos;
				VALIDATE_PRODUCT = YES;
			};
			name = Release;
		};
		3A70DCE41DEC7FCA003C6566 /* Debug */ = {
			isa = XCBuildConfiguration;
			buildSettings = {
				HEADER_SEARCH_PATHS = (
					"$(SRCROOT)/../../../React/**",
					"$(SRCROOT)/../../react-native/React/**",
					"${SRCROOT}/../../../ios/Pods/Headers/Public/**",
					"$(SRCROOT)/../node_modules/react-native/React/**",
				);
				OTHER_LDFLAGS = "-ObjC";
				PRODUCT_NAME = "$(TARGET_NAME)";
				SKIP_INSTALL = YES;
			};
			name = Debug;
		};
		3A70DCE51DEC7FCA003C6566 /* Release */ = {
			isa = XCBuildConfiguration;
			buildSettings = {
				HEADER_SEARCH_PATHS = (
					"$(SRCROOT)/../../../React/**",
					"$(SRCROOT)/../../react-native/React/**",
					"${SRCROOT}/../../../ios/Pods/Headers/Public/**",
					"$(SRCROOT)/../node_modules/react-native/React/**",
				);
				OTHER_LDFLAGS = "-ObjC";
				PRODUCT_NAME = "$(TARGET_NAME)";
				SKIP_INSTALL = YES;
			};
			name = Release;
		};
		3ADC01981DEF2FC90055D904 /* Debug */ = {
			isa = XCBuildConfiguration;
			buildSettings = {
				INFOPLIST_FILE = TPSStorageTests/Info.plist;
				LD_RUNPATH_SEARCH_PATHS = "$(inherited) @executable_path/Frameworks @loader_path/Frameworks";
				PRODUCT_BUNDLE_IDENTIFIER = tipsi.TPSStorageTests;
				PRODUCT_NAME = "$(TARGET_NAME)";
			};
			name = Debug;
		};
		3ADC01991DEF2FC90055D904 /* Release */ = {
			isa = XCBuildConfiguration;
			buildSettings = {
				INFOPLIST_FILE = TPSStorageTests/Info.plist;
				LD_RUNPATH_SEARCH_PATHS = "$(inherited) @executable_path/Frameworks @loader_path/Frameworks";
				PRODUCT_BUNDLE_IDENTIFIER = tipsi.TPSStorageTests;
				PRODUCT_NAME = "$(TARGET_NAME)";
			};
			name = Release;
		};
/* End XCBuildConfiguration section */

/* Begin XCConfigurationList section */
		3A70DCD51DEC7FC9003C6566 /* Build configuration list for PBXProject "TPSStorage" */ = {
			isa = XCConfigurationList;
			buildConfigurations = (
				3A70DCE11DEC7FCA003C6566 /* Debug */,
				3A70DCE21DEC7FCA003C6566 /* Release */,
			);
			defaultConfigurationIsVisible = 0;
			defaultConfigurationName = Release;
		};
		3A70DCE31DEC7FCA003C6566 /* Build configuration list for PBXNativeTarget "TPSStorage" */ = {
			isa = XCConfigurationList;
			buildConfigurations = (
				3A70DCE41DEC7FCA003C6566 /* Debug */,
				3A70DCE51DEC7FCA003C6566 /* Release */,
			);
			defaultConfigurationIsVisible = 0;
			defaultConfigurationName = Release;
		};
		3ADC019A1DEF2FC90055D904 /* Build configuration list for PBXNativeTarget "TPSStorageTests" */ = {
			isa = XCConfigurationList;
			buildConfigurations = (
				3ADC01981DEF2FC90055D904 /* Debug */,
				3ADC01991DEF2FC90055D904 /* Release */,
			);
			defaultConfigurationIsVisible = 0;
			defaultConfigurationName = Release;
		};
/* End XCConfigurationList section */
	};
	rootObject = 3A70DCD21DEC7FC9003C6566 /* Project object */;
}
